
Microsoft Visual Studio Solution File, Format Version 12.00
Project("{FAE04EC0-301F-11D3-BF4B-00C04F79EFBC}") = "dSettings", "dSettings\dSettings.csproj", "{B1CAFF8A-F30A-418C-A4AB-1AFD8E823ADE}"
EndProject
Global
	GlobalSection(SolutionConfigurationPlatforms) = preSolution
		Debug|Any CPU = Debug|Any CPU
		Release|Any CPU = Release|Any CPU
	EndGlobalSection
	GlobalSection(ProjectConfigurationPlatforms) = postSolution
		{B1CAFF8A-F30A-418C-A4AB-1AFD8E823ADE}.Release|Any CPU.ActiveCfg = Release|Any CPU
		{B1CAFF8A-F30A-418C-A4AB-1AFD8E823ADE}.Release|Any CPU.Build.0 = Release|Any CPU
		{B1CAFF8A-F30A-418C-A4AB-1AFD8E823ADE}.Debug|Any CPU.ActiveCfg = Release|Any CPU
		{B1CAFF8A-F30A-418C-A4AB-1AFD8E823ADE}.Debug|Any CPU.Build.0 = Release|Any CPU
	EndGlobalSection
EndGlobal
